
Microsoft Visual Studio Solution File, Format Version 12.00
# Visual Studio Version 17
VisualStudioVersion = 17.0.31903.59
MinimumVisualStudioVersion = 10.0.40219.1
Project("{2150E333-8FDC-42A3-9474-1A3956D46DE8}") = "backend", "backend", "{1AE8ACA6-933B-BF2A-3671-3E2EAC007D16}"
EndProject
Project("{FAE04EC0-301F-11D3-BF4B-00C04F79EFBC}") = "Airbnb.Api", "backend\Airbnb.Api\Airbnb.Api.csproj", "{BE82C6FF-111D-4247-B0E6-20AA103977A6}"
EndProject
Project("{FAE04EC0-301F-11D3-BF4B-00C04F79EFBC}") = "Airbnb.Domain", "backend\Airbnb.Domain\Airbnb.Domain.csproj", "{549F0D1C-A50C-493C-B14F-2C486A4AA613}"
EndProject
Project("{FAE04EC0-301F-11D3-BF4B-00C04F79EFBC}") = "Airbnb.Application", "backend\Airbnb.Application\Airbnb.Application.csproj", "{71E4A52A-ADA2-40AD-85EE-7628484FA4BB}"
EndProject
Project("{FAE04EC0-301F-11D3-BF4B-00C04F79EFBC}") = "Airbnb.Infrastructure", "backend\Airbnb.Infrastructure\Airbnb.Infrastructure.csproj", "{EF668E2B-B658-441E-8336-864F29920FCA}"
EndProject
Project("{FAE04EC0-301F-11D3-BF4B-00C04F79EFBC}") = "Airbnb.Contracts", "backend\Airbnb.Contracts\Airbnb.Contracts.csproj", "{A22DBBEF-C8F0-46DF-9896-6838A260F643}"
EndProject
Project("{FAE04EC0-301F-11D3-BF4B-00C04F79EFBC}") = "Airbnb.Tests", "backend\Airbnb.Tests\Airbnb.Tests.csproj", "{8F0ABF79-0438-4E99-97C3-C3784BB8E7B6}"
EndProject
Global
	GlobalSection(SolutionConfigurationPlatforms) = preSolution
		Debug|Any CPU = Debug|Any CPU
		Debug|x64 = Debug|x64
		Debug|x86 = Debug|x86
		Release|Any CPU = Release|Any CPU
		Release|x64 = Release|x64
		Release|x86 = Release|x86
	EndGlobalSection
	GlobalSection(ProjectConfigurationPlatforms) = postSolution
		{BE82C6FF-111D-4247-B0E6-20AA103977A6}.Debug|Any CPU.ActiveCfg = Debug|Any CPU
		{BE82C6FF-111D-4247-B0E6-20AA103977A6}.Debug|Any CPU.Build.0 = Debug|Any CPU
		{BE82C6FF-111D-4247-B0E6-20AA103977A6}.Debug|x64.ActiveCfg = Debug|Any CPU
		{BE82C6FF-111D-4247-B0E6-20AA103977A6}.Debug|x64.Build.0 = Debug|Any CPU
		{BE82C6FF-111D-4247-B0E6-20AA103977A6}.Debug|x86.ActiveCfg = Debug|Any CPU
		{BE82C6FF-111D-4247-B0E6-20AA103977A6}.Debug|x86.Build.0 = Debug|Any CPU
		{BE82C6FF-111D-4247-B0E6-20AA103977A6}.Release|Any CPU.ActiveCfg = Release|Any CPU
		{BE82C6FF-111D-4247-B0E6-20AA103977A6}.Release|Any CPU.Build.0 = Release|Any CPU
		{BE82C6FF-111D-4247-B0E6-20AA103977A6}.Release|x64.ActiveCfg = Release|Any CPU
		{BE82C6FF-111D-4247-B0E6-20AA103977A6}.Release|x64.Build.0 = Release|Any CPU
		{BE82C6FF-111D-4247-B0E6-20AA103977A6}.Release|x86.ActiveCfg = Release|Any CPU
		{BE82C6FF-111D-4247-B0E6-20AA103977A6}.Release|x86.Build.0 = Release|Any CPU
		{549F0D1C-A50C-493C-B14F-2C486A4AA613}.Debug|Any CPU.ActiveCfg = Debug|Any CPU
		{549F0D1C-A50C-493C-B14F-2C486A4AA613}.Debug|Any CPU.Build.0 = Debug|Any CPU
		{549F0D1C-A50C-493C-B14F-2C486A4AA613}.Debug|x64.ActiveCfg = Debug|Any CPU
		{549F0D1C-A50C-493C-B14F-2C486A4AA613}.Debug|x64.Build.0 = Debug|Any CPU
		{549F0D1C-A50C-493C-B14F-2C486A4AA613}.Debug|x86.ActiveCfg = Debug|Any CPU
		{549F0D1C-A50C-493C-B14F-2C486A4AA613}.Debug|x86.Build.0 = Debug|Any CPU
		{549F0D1C-A50C-493C-B14F-2C486A4AA613}.Release|Any CPU.ActiveCfg = Release|Any CPU
		{549F0D1C-A50C-493C-B14F-2C486A4AA613}.Release|Any CPU.Build.0 = Release|Any CPU
		{549F0D1C-A50C-493C-B14F-2C486A4AA613}.Release|x64.ActiveCfg = Release|Any CPU
		{549F0D1C-A50C-493C-B14F-2C486A4AA613}.Release|x64.Build.0 = Release|Any CPU
		{549F0D1C-A50C-493C-B14F-2C486A4AA613}.Release|x86.ActiveCfg = Release|Any CPU
		{549F0D1C-A50C-493C-B14F-2C486A4AA613}.Release|x86.Build.0 = Release|Any CPU
		{71E4A52A-ADA2-40AD-85EE-7628484FA4BB}.Debug|Any CPU.ActiveCfg = Debug|Any CPU
		{71E4A52A-ADA2-40AD-85EE-7628484FA4BB}.Debug|Any CPU.Build.0 = Debug|Any CPU
		{71E4A52A-ADA2-40AD-85EE-7628484FA4BB}.Debug|x64.ActiveCfg = Debug|Any CPU
		{71E4A52A-ADA2-40AD-85EE-7628484FA4BB}.Debug|x64.Build.0 = Debug|Any CPU
		{71E4A52A-ADA2-40AD-85EE-7628484FA4BB}.Debug|x86.ActiveCfg = Debug|Any CPU
		{71E4A52A-ADA2-40AD-85EE-7628484FA4BB}.Debug|x86.Build.0 = Debug|Any CPU
		{71E4A52A-ADA2-40AD-85EE-7628484FA4BB}.Release|Any CPU.ActiveCfg = Release|Any CPU
		{71E4A52A-ADA2-40AD-85EE-7628484FA4BB}.Release|Any CPU.Build.0 = Release|Any CPU
		{71E4A52A-ADA2-40AD-85EE-7628484FA4BB}.Release|x64.ActiveCfg = Release|Any CPU
		{71E4A52A-ADA2-40AD-85EE-7628484FA4BB}.Release|x64.Build.0 = Release|Any CPU
		{71E4A52A-ADA2-40AD-85EE-7628484FA4BB}.Release|x86.ActiveCfg = Release|Any CPU
		{71E4A52A-ADA2-40AD-85EE-7628484FA4BB}.Release|x86.Build.0 = Release|Any CPU
		{EF668E2B-B658-441E-8336-864F29920FCA}.Debug|Any CPU.ActiveCfg = Debug|Any CPU
		{EF668E2B-B658-441E-8336-864F29920FCA}.Debug|Any CPU.Build.0 = Debug|Any CPU
		{EF668E2B-B658-441E-8336-864F29920FCA}.Debug|x64.ActiveCfg = Debug|Any CPU
		{EF668E2B-B658-441E-8336-864F29920FCA}.Debug|x64.Build.0 = Debug|Any CPU
		{EF668E2B-B658-441E-8336-864F29920FCA}.Debug|x86.ActiveCfg = Debug|Any CPU
		{EF668E2B-B658-441E-8336-864F29920FCA}.Debug|x86.Build.0 = Debug|Any CPU
		{EF668E2B-B658-441E-8336-864F29920FCA}.Release|Any CPU.ActiveCfg = Release|Any CPU
		{EF668E2B-B658-441E-8336-864F29920FCA}.Release|Any CPU.Build.0 = Release|Any CPU
		{EF668E2B-B658-441E-8336-864F29920FCA}.Release|x64.ActiveCfg = Release|Any CPU
		{EF668E2B-B658-441E-8336-864F29920FCA}.Release|x64.Build.0 = Release|Any CPU
		{EF668E2B-B658-441E-8336-864F29920FCA}.Release|x86.ActiveCfg = Release|Any CPU
		{EF668E2B-B658-441E-8336-864F29920FCA}.Release|x86.Build.0 = Release|Any CPU
		{A22DBBEF-C8F0-46DF-9896-6838A260F643}.Debug|Any CPU.ActiveCfg = Debug|Any CPU
		{A22DBBEF-C8F0-46DF-9896-6838A260F643}.Debug|Any CPU.Build.0 = Debug|Any CPU
		{A22DBBEF-C8F0-46DF-9896-6838A260F643}.Debug|x64.ActiveCfg = Debug|Any CPU
		{A22DBBEF-C8F0-46DF-9896-6838A260F643}.Debug|x64.Build.0 = Debug|Any CPU
		{A22DBBEF-C8F0-46DF-9896-6838A260F643}.Debug|x86.ActiveCfg = Debug|Any CPU
		{A22DBBEF-C8F0-46DF-9896-6838A260F643}.Debug|x86.Build.0 = Debug|Any CPU
		{A22DBBEF-C8F0-46DF-9896-6838A260F643}.Release|Any CPU.ActiveCfg = Release|Any CPU
		{A22DBBEF-C8F0-46DF-9896-6838A260F643}.Release|Any CPU.Build.0 = Release|Any CPU
		{A22DBBEF-C8F0-46DF-9896-6838A260F643}.Release|x64.ActiveCfg = Release|Any CPU
		{A22DBBEF-C8F0-46DF-9896-6838A260F643}.Release|x64.Build.0 = Release|Any CPU
		{A22DBBEF-C8F0-46DF-9896-6838A260F643}.Release|x86.ActiveCfg = Release|Any CPU
		{A22DBBEF-C8F0-46DF-9896-6838A260F643}.Release|x86.Build.0 = Release|Any CPU
		{8F0ABF79-0438-4E99-97C3-C3784BB8E7B6}.Debug|Any CPU.ActiveCfg = Debug|Any CPU
		{8F0ABF79-0438-4E99-97C3-C3784BB8E7B6}.Debug|Any CPU.Build.0 = Debug|Any CPU
		{8F0ABF79-0438-4E99-97C3-C3784BB8E7B6}.Debug|x64.ActiveCfg = Debug|Any CPU
		{8F0ABF79-0438-4E99-97C3-C3784BB8E7B6}.Debug|x64.Build.0 = Debug|Any CPU
		{8F0ABF79-0438-4E99-97C3-C3784BB8E7B6}.Debug|x86.ActiveCfg = Debug|Any CPU
		{8F0ABF79-0438-4E99-97C3-C3784BB8E7B6}.Debug|x86.Build.0 = Debug|Any CPU
		{8F0ABF79-0438-4E99-97C3-C3784BB8E7B6}.Release|Any CPU.ActiveCfg = Release|Any CPU
		{8F0ABF79-0438-4E99-97C3-C3784BB8E7B6}.Release|Any CPU.Build.0 = Release|Any CPU
		{8F0ABF79-0438-4E99-97C3-C3784BB8E7B6}.Release|x64.ActiveCfg = Release|Any CPU
		{8F0ABF79-0438-4E99-97C3-C3784BB8E7B6}.Release|x64.Build.0 = Release|Any CPU
		{8F0ABF79-0438-4E99-97C3-C3784BB8E7B6}.Release|x86.ActiveCfg = Release|Any CPU
		{8F0ABF79-0438-4E99-97C3-C3784BB8E7B6}.Release|x86.Build.0 = Release|Any CPU
	EndGlobalSection
	GlobalSection(SolutionProperties) = preSolution
		HideSolutionNode = FALSE
	EndGlobalSection
	GlobalSection(NestedProjects) = preSolution
		{BE82C6FF-111D-4247-B0E6-20AA103977A6} = {1AE8ACA6-933B-BF2A-3671-3E2EAC007D16}
		{549F0D1C-A50C-493C-B14F-2C486A4AA613} = {1AE8ACA6-933B-BF2A-3671-3E2EAC007D16}
		{71E4A52A-ADA2-40AD-85EE-7628484FA4BB} = {1AE8ACA6-933B-BF2A-3671-3E2EAC007D16}
		{EF668E2B-B658-441E-8336-864F29920FCA} = {1AE8ACA6-933B-BF2A-3671-3E2EAC007D16}
		{A22DBBEF-C8F0-46DF-9896-6838A260F643} = {1AE8ACA6-933B-BF2A-3671-3E2EAC007D16}
		{8F0ABF79-0438-4E99-97C3-C3784BB8E7B6} = {1AE8ACA6-933B-BF2A-3671-3E2EAC007D16}
	EndGlobalSection
EndGlobal
